// !$*UTF8*$!
{
	archiveVersion = 1;
	classes = {
	};
	objectVersion = 46;
	objects = {

/* Begin PBXBuildFile section */
		9B62E3F11B567EC700292C5D /* MYTabBarButton.m in Sources */ = {isa = PBXBuildFile; fileRef = 9B62E3F01B567EC700292C5D /* MYTabBarButton.m */; };
		9B62E40A1B569A6D00292C5D /* MASCompositeConstraint.m in Sources */ = {isa = PBXBuildFile; fileRef = 9B62E3F41B569A6D00292C5D /* MASCompositeConstraint.m */; };
		9B62E40B1B569A6D00292C5D /* MASConstraint.m in Sources */ = {isa = PBXBuildFile; fileRef = 9B62E3F71B569A6D00292C5D /* MASConstraint.m */; };
		9B62E40C1B569A6D00292C5D /* MASConstraintMaker.m in Sources */ = {isa = PBXBuildFile; fileRef = 9B62E3F91B569A6D00292C5D /* MASConstraintMaker.m */; };
		9B62E40D1B569A6D00292C5D /* MASLayoutConstraint.m in Sources */ = {isa = PBXBuildFile; fileRef = 9B62E3FB1B569A6D00292C5D /* MASLayoutConstraint.m */; };
		9B62E40E1B569A6D00292C5D /* MASViewAttribute.m in Sources */ = {isa = PBXBuildFile; fileRef = 9B62E3FF1B569A6D00292C5D /* MASViewAttribute.m */; };
		9B62E40F1B569A6D00292C5D /* MASViewConstraint.m in Sources */ = {isa = PBXBuildFile; fileRef = 9B62E4011B569A6D00292C5D /* MASViewConstraint.m */; };
		9B62E4101B569A6D00292C5D /* NSArray+MASAdditions.m in Sources */ = {isa = PBXBuildFile; fileRef = 9B62E4031B569A6D00292C5D /* NSArray+MASAdditions.m */; };
		9B62E4111B569A6D00292C5D /* NSLayoutConstraint+MASDebugAdditions.m in Sources */ = {isa = PBXBuildFile; fileRef = 9B62E4061B569A6D00292C5D /* NSLayoutConstraint+MASDebugAdditions.m */; };
		9B62E4121B569A6D00292C5D /* View+MASAdditions.m in Sources */ = {isa = PBXBuildFile; fileRef = 9B62E4081B569A6D00292C5D /* View+MASAdditions.m */; };
		9B91033F1B5628F300AA4FE4 /* main.m in Sources */ = {isa = PBXBuildFile; fileRef = 9B91033E1B5628F300AA4FE4 /* main.m */; };
		9B9103421B5628F300AA4FE4 /* AppDelegate.m in Sources */ = {isa = PBXBuildFile; fileRef = 9B9103411B5628F300AA4FE4 /* AppDelegate.m */; };
		9B9103481B5628F300AA4FE4 /* Main.storyboard in Resources */ = {isa = PBXBuildFile; fileRef = 9B9103461B5628F300AA4FE4 /* Main.storyboard */; };
		9B91034A1B5628F300AA4FE4 /* Images.xcassets in Resources */ = {isa = PBXBuildFile; fileRef = 9B9103491B5628F300AA4FE4 /* Images.xcassets */; };
		9B91034D1B5628F300AA4FE4 /* LaunchScreen.xib in Resources */ = {isa = PBXBuildFile; fileRef = 9B91034B1B5628F300AA4FE4 /* LaunchScreen.xib */; };
		9B9103591B5628F300AA4FE4 /* MYEducationTests.m in Sources */ = {isa = PBXBuildFile; fileRef = 9B9103581B5628F300AA4FE4 /* MYEducationTests.m */; };
		9B9103681B5651B100AA4FE4 /* MYDock.m in Sources */ = {isa = PBXBuildFile; fileRef = 9B9103671B5651B100AA4FE4 /* MYDock.m */; };
		9B91036F1B56520A00AA4FE4 /* MYTabBar.m in Sources */ = {isa = PBXBuildFile; fileRef = 9B91036E1B56520A00AA4FE4 /* MYTabBar.m */; };
		9B9103751B56525A00AA4FE4 /* MYHomeViewController.m in Sources */ = {isa = PBXBuildFile; fileRef = 9B9103741B56525A00AA4FE4 /* MYHomeViewController.m */; };
		9B91037B1B565C8700AA4FE4 /* MYHeadView.m in Sources */ = {isa = PBXBuildFile; fileRef = 9B91037A1B565C8700AA4FE4 /* MYHeadView.m */; };
		9BAA99D51B580275006B8720 /* MYToorBar.m in Sources */ = {isa = PBXBuildFile; fileRef = 9BAA99D41B580275006B8720 /* MYToorBar.m */; };
		9BAA9A2A1B580477006B8720 /* UIView+Extension.m in Sources */ = {isa = PBXBuildFile; fileRef = 9BAA9A291B580477006B8720 /* UIView+Extension.m */; };
		9BAA9A2C1B580528006B8720 /* libLibConst.a in Frameworks */ = {isa = PBXBuildFile; fileRef = 9BAA9A2B1B580528006B8720 /* libLibConst.a */; };
/* End PBXBuildFile section */

/* Begin PBXContainerItemProxy section */
		9B9103531B5628F300AA4FE4 /* PBXContainerItemProxy */ = {
			isa = PBXContainerItemProxy;
			containerPortal = 9B9103311B5628F300AA4FE4 /* Project object */;
			proxyType = 1;
			remoteGlobalIDString = 9B9103381B5628F300AA4FE4;
			remoteInfo = MYEducation;
		};
/* End PBXContainerItemProxy section */

/* Begin PBXFileReference section */
		9B62E3EF1B567EC700292C5D /* MYTabBarButton.h */ = {isa = PBXFileReference; fileEncoding = 4; lastKnownFileType = sourcecode.c.h; path = MYTabBarButton.h; sourceTree = "<group>"; };
		9B62E3F01B567EC700292C5D /* MYTabBarButton.m */ = {isa = PBXFileReference; fileEncoding = 4; lastKnownFileType = sourcecode.c.objc; path = MYTabBarButton.m; sourceTree = "<group>"; };
		9B62E3F31B569A6D00292C5D /* MASCompositeConstraint.h */ = {isa = PBXFileReference; fileEncoding = 4; lastKnownFileType = sourcecode.c.h; path = MASCompositeConstraint.h; sourceTree = "<group>"; };
		9B62E3F41B569A6D00292C5D /* MASCompositeConstraint.m */ = {isa = PBXFileReference; fileEncoding = 4; lastKnownFileType = sourcecode.c.objc; path = MASCompositeConstraint.m; sourceTree = "<group>"; };
		9B62E3F51B569A6D00292C5D /* MASConstraint+Private.h */ = {isa = PBXFileReference; fileEncoding = 4; lastKnownFileType = sourcecode.c.h; path = "MASConstraint+Private.h"; sourceTree = "<group>"; };
		9B62E3F61B569A6D00292C5D /* MASConstraint.h */ = {isa = PBXFileReference; fileEncoding = 4; lastKnownFileType = sourcecode.c.h; path = MASConstraint.h; sourceTree = "<group>"; };
		9B62E3F71B569A6D00292C5D /* MASConstraint.m */ = {isa = PBXFileReference; fileEncoding = 4; lastKnownFileType = sourcecode.c.objc; path = MASConstraint.m; sourceTree = "<group>"; };
		9B62E3F81B569A6D00292C5D /* MASConstraintMaker.h */ = {isa = PBXFileReference; fileEncoding = 4; lastKnownFileType = sourcecode.c.h; path = MASConstraintMaker.h; sourceTree = "<group>"; };
		9B62E3F91B569A6D00292C5D /* MASConstraintMaker.m */ = {isa = PBXFileReference; fileEncoding = 4; lastKnownFileType = sourcecode.c.objc; path = MASConstraintMaker.m; sourceTree = "<group>"; };
		9B62E3FA1B569A6D00292C5D /* MASLayoutConstraint.h */ = {isa = PBXFileReference; fileEncoding = 4; lastKnownFileType = sourcecode.c.h; path = MASLayoutConstraint.h; sourceTree = "<group>"; };
		9B62E3FB1B569A6D00292C5D /* MASLayoutConstraint.m */ = {isa = PBXFileReference; fileEncoding = 4; lastKnownFileType = sourcecode.c.objc; path = MASLayoutConstraint.m; sourceTree = "<group>"; };
		9B62E3FC1B569A6D00292C5D /* Masonry.h */ = {isa = PBXFileReference; fileEncoding = 4; lastKnownFileType = sourcecode.c.h; path = Masonry.h; sourceTree = "<group>"; };
		9B62E3FD1B569A6D00292C5D /* MASUtilities.h */ = {isa = PBXFileReference; fileEncoding = 4; lastKnownFileType = sourcecode.c.h; path = MASUtilities.h; sourceTree = "<group>"; };
		9B62E3FE1B569A6D00292C5D /* MASViewAttribute.h */ = {isa = PBXFileReference; fileEncoding = 4; lastKnownFileType = sourcecode.c.h; path = MASViewAttribute.h; sourceTree = "<group>"; };
		9B62E3FF1B569A6D00292C5D /* MASViewAttribute.m */ = {isa = PBXFileReference; fileEncoding = 4; lastKnownFileType = sourcecode.c.objc; path = MASViewAttribute.m; sourceTree = "<group>"; };
		9B62E4001B569A6D00292C5D /* MASViewConstraint.h */ = {isa = PBXFileReference; fileEncoding = 4; lastKnownFileType = sourcecode.c.h; path = MASViewConstraint.h; sourceTree = "<group>"; };
		9B62E4011B569A6D00292C5D /* MASViewConstraint.m */ = {isa = PBXFileReference; fileEncoding = 4; lastKnownFileType = sourcecode.c.objc; path = MASViewConstraint.m; sourceTree = "<group>"; };
		9B62E4021B569A6D00292C5D /* NSArray+MASAdditions.h */ = {isa = PBXFileReference; fileEncoding = 4; lastKnownFileType = sourcecode.c.h; path = "NSArray+MASAdditions.h"; sourceTree = "<group>"; };
		9B62E4031B569A6D00292C5D /* NSArray+MASAdditions.m */ = {isa = PBXFileReference; fileEncoding = 4; lastKnownFileType = sourcecode.c.objc; path = "NSArray+MASAdditions.m"; sourceTree = "<group>"; };
		9B62E4041B569A6D00292C5D /* NSArray+MASShorthandAdditions.h */ = {isa = PBXFileReference; fileEncoding = 4; lastKnownFileType = sourcecode.c.h; path = "NSArray+MASShorthandAdditions.h"; sourceTree = "<group>"; };
		9B62E4051B569A6D00292C5D /* NSLayoutConstraint+MASDebugAdditions.h */ = {isa = PBXFileReference; fileEncoding = 4; lastKnownFileType = sourcecode.c.h; path = "NSLayoutConstraint+MASDebugAdditions.h"; sourceTree = "<group>"; };
		9B62E4061B569A6D00292C5D /* NSLayoutConstraint+MASDebugAdditions.m */ = {isa = PBXFileReference; fileEncoding = 4; lastKnownFileType = sourcecode.c.objc; path = "NSLayoutConstraint+MASDebugAdditions.m"; sourceTree = "<group>"; };
		9B62E4071B569A6D00292C5D /* View+MASAdditions.h */ = {isa = PBXFileReference; fileEncoding = 4; lastKnownFileType = sourcecode.c.h; path = "View+MASAdditions.h"; sourceTree = "<group>"; };
		9B62E4081B569A6D00292C5D /* View+MASAdditions.m */ = {isa = PBXFileReference; fileEncoding = 4; lastKnownFileType = sourcecode.c.objc; path = "View+MASAdditions.m"; sourceTree = "<group>"; };
		9B62E4091B569A6D00292C5D /* View+MASShorthandAdditions.h */ = {isa = PBXFileReference; fileEncoding = 4; lastKnownFileType = sourcecode.c.h; path = "View+MASShorthandAdditions.h"; sourceTree = "<group>"; };
		9B9103391B5628F300AA4FE4 /* MYEducation.app */ = {isa = PBXFileReference; explicitFileType = wrapper.application; includeInIndex = 0; path = MYEducation.app; sourceTree = BUILT_PRODUCTS_DIR; };
		9B91033D1B5628F300AA4FE4 /* Info.plist */ = {isa = PBXFileReference; lastKnownFileType = text.plist.xml; path = Info.plist; sourceTree = "<group>"; };
		9B91033E1B5628F300AA4FE4 /* main.m */ = {isa = PBXFileReference; lastKnownFileType = sourcecode.c.objc; path = main.m; sourceTree = "<group>"; };
		9B9103401B5628F300AA4FE4 /* AppDelegate.h */ = {isa = PBXFileReference; lastKnownFileType = sourcecode.c.h; path = AppDelegate.h; sourceTree = "<group>"; };
		9B9103411B5628F300AA4FE4 /* AppDelegate.m */ = {isa = PBXFileReference; lastKnownFileType = sourcecode.c.objc; path = AppDelegate.m; sourceTree = "<group>"; };
		9B9103471B5628F300AA4FE4 /* Base */ = {isa = PBXFileReference; lastKnownFileType = file.storyboard; name = Base; path = Base.lproj/Main.storyboard; sourceTree = "<group>"; };
		9B9103491B5628F300AA4FE4 /* Images.xcassets */ = {isa = PBXFileReference; lastKnownFileType = folder.assetcatalog; path = Images.xcassets; sourceTree = "<group>"; };
		9B91034C1B5628F300AA4FE4 /* Base */ = {isa = PBXFileReference; lastKnownFileType = file.xib; name = Base; path = Base.lproj/LaunchScreen.xib; sourceTree = "<group>"; };
		9B9103521B5628F300AA4FE4 /* MYEducationTests.xctest */ = {isa = PBXFileReference; explicitFileType = wrapper.cfbundle; includeInIndex = 0; path = MYEducationTests.xctest; sourceTree = BUILT_PRODUCTS_DIR; };
		9B9103571B5628F300AA4FE4 /* Info.plist */ = {isa = PBXFileReference; lastKnownFileType = text.plist.xml; path = Info.plist; sourceTree = "<group>"; };
		9B9103581B5628F300AA4FE4 /* MYEducationTests.m */ = {isa = PBXFileReference; lastKnownFileType = sourcecode.c.objc; path = MYEducationTests.m; sourceTree = "<group>"; };
		9B9103621B56501400AA4FE4 /* MYEducation.pch */ = {isa = PBXFileReference; lastKnownFileType = sourcecode.c.h; path = MYEducation.pch; sourceTree = "<group>"; };
		9B9103661B5651B100AA4FE4 /* MYDock.h */ = {isa = PBXFileReference; fileEncoding = 4; lastKnownFileType = sourcecode.c.h; path = MYDock.h; sourceTree = "<group>"; };
		9B9103671B5651B100AA4FE4 /* MYDock.m */ = {isa = PBXFileReference; fileEncoding = 4; lastKnownFileType = sourcecode.c.objc; path = MYDock.m; sourceTree = "<group>"; };
		9B91036D1B56520A00AA4FE4 /* MYTabBar.h */ = {isa = PBXFileReference; fileEncoding = 4; lastKnownFileType = sourcecode.c.h; path = MYTabBar.h; sourceTree = "<group>"; };
		9B91036E1B56520A00AA4FE4 /* MYTabBar.m */ = {isa = PBXFileReference; fileEncoding = 4; lastKnownFileType = sourcecode.c.objc; path = MYTabBar.m; sourceTree = "<group>"; };
		9B9103731B56525A00AA4FE4 /* MYHomeViewController.h */ = {isa = PBXFileReference; fileEncoding = 4; lastKnownFileType = sourcecode.c.h; path = MYHomeViewController.h; sourceTree = "<group>"; };
		9B9103741B56525A00AA4FE4 /* MYHomeViewController.m */ = {isa = PBXFileReference; fileEncoding = 4; lastKnownFileType = sourcecode.c.objc; path = MYHomeViewController.m; sourceTree = "<group>"; };
		9B9103791B565C8700AA4FE4 /* MYHeadView.h */ = {isa = PBXFileReference; fileEncoding = 4; lastKnownFileType = sourcecode.c.h; path = MYHeadView.h; sourceTree = "<group>"; };
		9B91037A1B565C8700AA4FE4 /* MYHeadView.m */ = {isa = PBXFileReference; fileEncoding = 4; lastKnownFileType = sourcecode.c.objc; path = MYHeadView.m; sourceTree = "<group>"; };
		9BAA99D31B580275006B8720 /* MYToorBar.h */ = {isa = PBXFileReference; fileEncoding = 4; lastKnownFileType = sourcecode.c.h; path = MYToorBar.h; sourceTree = "<group>"; };
		9BAA99D41B580275006B8720 /* MYToorBar.m */ = {isa = PBXFileReference; fileEncoding = 4; lastKnownFileType = sourcecode.c.objc; path = MYToorBar.m; sourceTree = "<group>"; };
		9BAA9A251B580400006B8720 /* Const.h */ = {isa = PBXFileReference; fileEncoding = 4; lastKnownFileType = sourcecode.c.h; path = Const.h; sourceTree = "<group>"; };
		9BAA9A261B580400006B8720 /* UIView+Extension.h */ = {isa = PBXFileReference; fileEncoding = 4; lastKnownFileType = sourcecode.c.h; name = "UIView+Extension.h"; path = "MYEducation/UIView+Extension.h"; sourceTree = "<group>"; };
		9BAA9A291B580477006B8720 /* UIView+Extension.m */ = {isa = PBXFileReference; fileEncoding = 4; lastKnownFileType = sourcecode.c.objc; name = "UIView+Extension.m"; path = "MYEducation/UIView+Extension.m"; sourceTree = "<group>"; };
		9BAA9A2B1B580528006B8720 /* libLibConst.a */ = {isa = PBXFileReference; lastKnownFileType = archive.ar; path = libLibConst.a; sourceTree = "<group>"; };
/* End PBXFileReference section */

/* Begin PBXFrameworksBuildPhase section */
		9B9103361B5628F300AA4FE4 /* Frameworks */ = {
			isa = PBXFrameworksBuildPhase;
			buildActionMask = 2147483647;
			files = (
				9BAA9A2C1B580528006B8720 /* libLibConst.a in Frameworks */,
			);
			runOnlyForDeploymentPostprocessing = 0;
		};
		9B91034F1B5628F300AA4FE4 /* Frameworks */ = {
			isa = PBXFrameworksBuildPhase;
			buildActionMask = 2147483647;
			files = (
			);
			runOnlyForDeploymentPostprocessing = 0;
		};
/* End PBXFrameworksBuildPhase section */

/* Begin PBXGroup section */
		9B62E3F21B569A6D00292C5D /* Masonry */ = {
			isa = PBXGroup;
			children = (
				9B62E3F31B569A6D00292C5D /* MASCompositeConstraint.h */,
				9B62E3F41B569A6D00292C5D /* MASCompositeConstraint.m */,
				9B62E3F51B569A6D00292C5D /* MASConstraint+Private.h */,
				9B62E3F61B569A6D00292C5D /* MASConstraint.h */,
				9B62E3F71B569A6D00292C5D /* MASConstraint.m */,
				9B62E3F81B569A6D00292C5D /* MASConstraintMaker.h */,
				9B62E3F91B569A6D00292C5D /* MASConstraintMaker.m */,
				9B62E3FA1B569A6D00292C5D /* MASLayoutConstraint.h */,
				9B62E3FB1B569A6D00292C5D /* MASLayoutConstraint.m */,
				9B62E3FC1B569A6D00292C5D /* Masonry.h */,
				9B62E3FD1B569A6D00292C5D /* MASUtilities.h */,
				9B62E3FE1B569A6D00292C5D /* MASViewAttribute.h */,
				9B62E3FF1B569A6D00292C5D /* MASViewAttribute.m */,
				9B62E4001B569A6D00292C5D /* MASViewConstraint.h */,
				9B62E4011B569A6D00292C5D /* MASViewConstraint.m */,
				9B62E4021B569A6D00292C5D /* NSArray+MASAdditions.h */,
				9B62E4031B569A6D00292C5D /* NSArray+MASAdditions.m */,
				9B62E4041B569A6D00292C5D /* NSArray+MASShorthandAdditions.h */,
				9B62E4051B569A6D00292C5D /* NSLayoutConstraint+MASDebugAdditions.h */,
				9B62E4061B569A6D00292C5D /* NSLayoutConstraint+MASDebugAdditions.m */,
				9B62E4071B569A6D00292C5D /* View+MASAdditions.h */,
				9B62E4081B569A6D00292C5D /* View+MASAdditions.m */,
				9B62E4091B569A6D00292C5D /* View+MASShorthandAdditions.h */,
			);
			path = Masonry;
			sourceTree = "<group>";
		};
		9B9103301B5628F300AA4FE4 = {
			isa = PBXGroup;
			children = (
				9B91033B1B5628F300AA4FE4 /* MYEducation */,
				9BAA9A261B580400006B8720 /* UIView+Extension.h */,
				9BAA9A291B580477006B8720 /* UIView+Extension.m */,
				9B9103551B5628F300AA4FE4 /* MYEducationTests */,
				9B91033A1B5628F300AA4FE4 /* Products */,
			);
			sourceTree = "<group>";
		};
		9B91033A1B5628F300AA4FE4 /* Products */ = {
			isa = PBXGroup;
			children = (
				9B9103391B5628F300AA4FE4 /* MYEducation.app */,
				9B9103521B5628F300AA4FE4 /* MYEducationTests.xctest */,
			);
			name = Products;
			sourceTree = "<group>";
		};
		9B91033B1B5628F300AA4FE4 /* MYEducation */ = {
			isa = PBXGroup;
			children = (
				9B62E3F21B569A6D00292C5D /* Masonry */,
				9B9103401B5628F300AA4FE4 /* AppDelegate.h */,
				9B9103411B5628F300AA4FE4 /* AppDelegate.m */,
				9B9103731B56525A00AA4FE4 /* MYHomeViewController.h */,
				9B9103741B56525A00AA4FE4 /* MYHomeViewController.m */,
				9B9103661B5651B100AA4FE4 /* MYDock.h */,
				9B9103671B5651B100AA4FE4 /* MYDock.m */,
				9B9103791B565C8700AA4FE4 /* MYHeadView.h */,
				9B91037A1B565C8700AA4FE4 /* MYHeadView.m */,
				9B91036D1B56520A00AA4FE4 /* MYTabBar.h */,
				9B91036E1B56520A00AA4FE4 /* MYTabBar.m */,
				9B62E3EF1B567EC700292C5D /* MYTabBarButton.h */,
				9B62E3F01B567EC700292C5D /* MYTabBarButton.m */,
				9BAA99D31B580275006B8720 /* MYToorBar.h */,
				9BAA99D41B580275006B8720 /* MYToorBar.m */,
				9B9103621B56501400AA4FE4 /* MYEducation.pch */,
				9B91033C1B5628F300AA4FE4 /* Supporting Files */,
			);
			path = MYEducation;
			sourceTree = "<group>";
		};
		9B91033C1B5628F300AA4FE4 /* Supporting Files */ = {
			isa = PBXGroup;
			children = (
				9BAA9A2B1B580528006B8720 /* libLibConst.a */,
				9BAA9A251B580400006B8720 /* Const.h */,
				9B9103461B5628F300AA4FE4 /* Main.storyboard */,
				9B9103491B5628F300AA4FE4 /* Images.xcassets */,
				9B91034B1B5628F300AA4FE4 /* LaunchScreen.xib */,
				9B91033D1B5628F300AA4FE4 /* Info.plist */,
				9B91033E1B5628F300AA4FE4 /* main.m */,
			);
			name = "Supporting Files";
			sourceTree = "<group>";
		};
		9B9103551B5628F300AA4FE4 /* MYEducationTests */ = {
			isa = PBXGroup;
			children = (
				9B9103581B5628F300AA4FE4 /* MYEducationTests.m */,
				9B9103561B5628F300AA4FE4 /* Supporting Files */,
			);
			path = MYEducationTests;
			sourceTree = "<group>";
		};
		9B9103561B5628F300AA4FE4 /* Supporting Files */ = {
			isa = PBXGroup;
			children = (
				9B9103571B5628F300AA4FE4 /* Info.plist */,
			);
			name = "Supporting Files";
			sourceTree = "<group>";
		};
/* End PBXGroup section */

/* Begin PBXNativeTarget section */
		9B9103381B5628F300AA4FE4 /* MYEducation */ = {
			isa = PBXNativeTarget;
			buildConfigurationList = 9B91035C1B5628F300AA4FE4 /* Build configuration list for PBXNativeTarget "MYEducation" */;
			buildPhases = (
				9B9103351B5628F300AA4FE4 /* Sources */,
				9B9103361B5628F300AA4FE4 /* Frameworks */,
				9B9103371B5628F300AA4FE4 /* Resources */,
			);
			buildRules = (
			);
			dependencies = (
			);
			name = MYEducation;
			productName = MYEducation;
			productReference = 9B9103391B5628F300AA4FE4 /* MYEducation.app */;
			productType = "com.apple.product-type.application";
		};
		9B9103511B5628F300AA4FE4 /* MYEducationTests */ = {
			isa = PBXNativeTarget;
			buildConfigurationList = 9B91035F1B5628F300AA4FE4 /* Build configuration list for PBXNativeTarget "MYEducationTests" */;
			buildPhases = (
				9B91034E1B5628F300AA4FE4 /* Sources */,
				9B91034F1B5628F300AA4FE4 /* Frameworks */,
				9B9103501B5628F300AA4FE4 /* Resources */,
			);
			buildRules = (
			);
			dependencies = (
				9B9103541B5628F300AA4FE4 /* PBXTargetDependency */,
			);
			name = MYEducationTests;
			productName = MYEducationTests;
			productReference = 9B9103521B5628F300AA4FE4 /* MYEducationTests.xctest */;
			productType = "com.apple.product-type.bundle.unit-test";
		};
/* End PBXNativeTarget section */

/* Begin PBXProject section */
		9B9103311B5628F300AA4FE4 /* Project object */ = {
			isa = PBXProject;
			attributes = {
				CLASSPREFIX = MY;
				LastUpgradeCheck = 0640;
				ORGANIZATIONNAME = WayneLiu;
				TargetAttributes = {
					9B9103381B5628F300AA4FE4 = {
						CreatedOnToolsVersion = 6.4;
					};
					9B9103511B5628F300AA4FE4 = {
						CreatedOnToolsVersion = 6.4;
						TestTargetID = 9B9103381B5628F300AA4FE4;
					};
				};
			};
			buildConfigurationList = 9B9103341B5628F300AA4FE4 /* Build configuration list for PBXProject "MYEducation" */;
			compatibilityVersion = "Xcode 3.2";
			developmentRegion = English;
			hasScannedForEncodings = 0;
			knownRegions = (
				en,
				Base,
			);
			mainGroup = 9B9103301B5628F300AA4FE4;
			productRefGroup = 9B91033A1B5628F300AA4FE4 /* Products */;
			projectDirPath = "";
			projectRoot = "";
			targets = (
				9B9103381B5628F300AA4FE4 /* MYEducation */,
				9B9103511B5628F300AA4FE4 /* MYEducationTests */,
			);
		};
/* End PBXProject section */

/* Begin PBXResourcesBuildPhase section */
		9B9103371B5628F300AA4FE4 /* Resources */ = {
			isa = PBXResourcesBuildPhase;
			buildActionMask = 2147483647;
			files = (
				9B9103481B5628F300AA4FE4 /* Main.storyboard in Resources */,
				9B91034D1B5628F300AA4FE4 /* LaunchScreen.xib in Resources */,
				9B91034A1B5628F300AA4FE4 /* Images.xcassets in Resources */,
			);
			runOnlyForDeploymentPostprocessing = 0;
		};
		9B9103501B5628F300AA4FE4 /* Resources */ = {
			isa = PBXResourcesBuildPhase;
			buildActionMask = 2147483647;
			files = (
			);
			runOnlyForDeploymentPostprocessing = 0;
		};
/* End PBXResourcesBuildPhase section */

/* Begin PBXSourcesBuildPhase section */
		9B9103351B5628F300AA4FE4 /* Sources */ = {
			isa = PBXSourcesBuildPhase;
			buildActionMask = 2147483647;
			files = (
				9BAA9A2A1B580477006B8720 /* UIView+Extension.m in Sources */,
				9B62E4121B569A6D00292C5D /* View+MASAdditions.m in Sources */,
				9B9103421B5628F300AA4FE4 /* AppDelegate.m in Sources */,
				9B9103681B5651B100AA4FE4 /* MYDock.m in Sources */,
				9B9103751B56525A00AA4FE4 /* MYHomeViewController.m in Sources */,
				9B91036F1B56520A00AA4FE4 /* MYTabBar.m in Sources */,
				9B62E40E1B569A6D00292C5D /* MASViewAttribute.m in Sources */,
				9B62E40A1B569A6D00292C5D /* MASCompositeConstraint.m in Sources */,
				9B91033F1B5628F300AA4FE4 /* main.m in Sources */,
				9BAA99D51B580275006B8720 /* MYToorBar.m in Sources */,
				9B91037B1B565C8700AA4FE4 /* MYHeadView.m in Sources */,
				9B62E40C1B569A6D00292C5D /* MASConstraintMaker.m in Sources */,
				9B62E40B1B569A6D00292C5D /* MASConstraint.m in Sources */,
				9B62E4111B569A6D00292C5D /* NSLayoutConstraint+MASDebugAdditions.m in Sources */,
				9B62E40D1B569A6D00292C5D /* MASLayoutConstraint.m in Sources */,
				9B62E4101B569A6D00292C5D /* NSArray+MASAdditions.m in Sources */,
				9B62E3F11B567EC700292C5D /* MYTabBarButton.m in Sources */,
				9B62E40F1B569A6D00292C5D /* MASViewConstraint.m in Sources */,
			);
			runOnlyForDeploymentPostprocessing = 0;
		};
		9B91034E1B5628F300AA4FE4 /* Sources */ = {
			isa = PBXSourcesBuildPhase;
			buildActionMask = 2147483647;
			files = (
				9B9103591B5628F300AA4FE4 /* MYEducationTests.m in Sources */,
			);
			runOnlyForDeploymentPostprocessing = 0;
		};
/* End PBXSourcesBuildPhase section */

/* Begin PBXTargetDependency section */
		9B9103541B5628F300AA4FE4 /* PBXTargetDependency */ = {
			isa = PBXTargetDependency;
			target = 9B9103381B5628F300AA4FE4 /* MYEducation */;
			targetProxy = 9B9103531B5628F300AA4FE4 /* PBXContainerItemProxy */;
		};
/* End PBXTargetDependency section */

/* Begin PBXVariantGroup section */
		9B9103461B5628F300AA4FE4 /* Main.storyboard */ = {
			isa = PBXVariantGroup;
			children = (
				9B9103471B5628F300AA4FE4 /* Base */,
			);
			name = Main.storyboard;
			sourceTree = "<group>";
		};
		9B91034B1B5628F300AA4FE4 /* LaunchScreen.xib */ = {
			isa = PBXVariantGroup;
			children = (
				9B91034C1B5628F300AA4FE4 /* Base */,
			);
			name = LaunchScreen.xib;
			sourceTree = "<group>";
		};
/* End PBXVariantGroup section */

/* Begin XCBuildConfiguration section */
		9B91035A1B5628F300AA4FE4 /* Debug */ = {
			isa = XCBuildConfiguration;
			buildSettings = {
				ALWAYS_SEARCH_USER_PATHS = NO;
				CLANG_CXX_LANGUAGE_STANDARD = "gnu++0x";
				CLANG_CXX_LIBRARY = "libc++";
				CLANG_ENABLE_MODULES = YES;
				CLANG_ENABLE_OBJC_ARC = YES;
				CLANG_WARN_BOOL_CONVERSION = YES;
				CLANG_WARN_CONSTANT_CONVERSION = YES;
				CLANG_WARN_DIRECT_OBJC_ISA_USAGE = YES_ERROR;
				CLANG_WARN_EMPTY_BODY = YES;
				CLANG_WARN_ENUM_CONVERSION = YES;
				CLANG_WARN_INT_CONVERSION = YES;
				CLANG_WARN_OBJC_ROOT_CLASS = YES_ERROR;
				CLANG_WARN_UNREACHABLE_CODE = YES;
				CLANG_WARN__DUPLICATE_METHOD_MATCH = YES;
				"CODE_SIGN_IDENTITY[sdk=iphoneos*]" = "iPhone Developer";
				COPY_PHASE_STRIP = NO;
				DEBUG_INFORMATION_FORMAT = "dwarf-with-dsym";
				ENABLE_STRICT_OBJC_MSGSEND = YES;
				GCC_C_LANGUAGE_STANDARD = gnu99;
				GCC_DYNAMIC_NO_PIC = NO;
				GCC_NO_COMMON_BLOCKS = YES;
				GCC_OPTIMIZATION_LEVEL = 0;
				GCC_PREPROCESSOR_DEFINITIONS = (
					"DEBUG=1",
					"$(inherited)",
				);
				GCC_SYMBOLS_PRIVATE_EXTERN = NO;
				GCC_WARN_64_TO_32_BIT_CONVERSION = YES;
				GCC_WARN_ABOUT_RETURN_TYPE = YES_ERROR;
				GCC_WARN_UNDECLARED_SELECTOR = YES;
				GCC_WARN_UNINITIALIZED_AUTOS = YES_AGGRESSIVE;
				GCC_WARN_UNUSED_FUNCTION = YES;
				GCC_WARN_UNUSED_VARIABLE = YES;
				IPHONEOS_DEPLOYMENT_TARGET = 8.4;
				MTL_ENABLE_DEBUG_INFO = YES;
				ONLY_ACTIVE_ARCH = YES;
				SDKROOT = iphoneos;
				TARGETED_DEVICE_FAMILY = 2;
			};
			name = Debug;
		};
		9B91035B1B5628F300AA4FE4 /* Release */ = {
			isa = XCBuildConfiguration;
			buildSettings = {
				ALWAYS_SEARCH_USER_PATHS = NO;
				CLANG_CXX_LANGUAGE_STANDARD = "gnu++0x";
				CLANG_CXX_LIBRARY = "libc++";
				CLANG_ENABLE_MODULES = YES;
				CLANG_ENABLE_OBJC_ARC = YES;
				CLANG_WARN_BOOL_CONVERSION = YES;
				CLANG_WARN_CONSTANT_CONVERSION = YES;
				CLANG_WARN_DIRECT_OBJC_ISA_USAGE = YES_ERROR;
				CLANG_WARN_EMPTY_BODY = YES;
				CLANG_WARN_ENUM_CONVERSION = YES;
				CLANG_WARN_INT_CONVERSION = YES;
				CLANG_WARN_OBJC_ROOT_CLASS = YES_ERROR;
				CLANG_WARN_UNREACHABLE_CODE = YES;
				CLANG_WARN__DUPLICATE_METHOD_MATCH = YES;
				"CODE_SIGN_IDENTITY[sdk=iphoneos*]" = "iPhone Developer";
				COPY_PHASE_STRIP = NO;
				DEBUG_INFORMATION_FORMAT = "dwarf-with-dsym";
				ENABLE_NS_ASSERTIONS = NO;
				ENABLE_STRICT_OBJC_MSGSEND = YES;
				GCC_C_LANGUAGE_STANDARD = gnu99;
				GCC_NO_COMMON_BLOCKS = YES;
				GCC_WARN_64_TO_32_BIT_CONVERSION = YES;
				GCC_WARN_ABOUT_RETURN_TYPE = YES_ERROR;
				GCC_WARN_UNDECLARED_SELECTOR = YES;
				GCC_WARN_UNINITIALIZED_AUTOS = YES_AGGRESSIVE;
				GCC_WARN_UNUSED_FUNCTION = YES;
				GCC_WARN_UNUSED_VARIABLE = YES;
				IPHONEOS_DEPLOYMENT_TARGET = 8.4;
				MTL_ENABLE_DEBUG_INFO = NO;
				SDKROOT = iphoneos;
				TARGETED_DEVICE_FAMILY = 2;
				VALIDATE_PRODUCT = YES;
			};
			name = Release;
		};
		9B91035D1B5628F300AA4FE4 /* Debug */ = {
			isa = XCBuildConfiguration;
			buildSettings = {
				ASSETCATALOG_COMPILER_APPICON_NAME = AppIcon;
				GCC_PREFIX_HEADER = MYEducation/MYEducation.pch;
				INFOPLIST_FILE = MYEducation/Info.plist;
				LD_RUNPATH_SEARCH_PATHS = "$(inherited) @executable_path/Frameworks";
				LIBRARY_SEARCH_PATHS = (
					"$(inherited)",
					"$(PROJECT_DIR)/MYEducation",
				);
				PRODUCT_NAME = "$(TARGET_NAME)";
			};
			name = Debug;
		};
		9B91035E1B5628F300AA4FE4 /* Release */ = {
			isa = XCBuildConfiguration;
			buildSettings = {
				ASSETCATALOG_COMPILER_APPICON_NAME = AppIcon;
				GCC_PREFIX_HEADER = MYEducation/MYEducation.pch;
				INFOPLIST_FILE = MYEducation/Info.plist;
				LD_RUNPATH_SEARCH_PATHS = "$(inherited) @executable_path/Frameworks";
				LIBRARY_SEARCH_PATHS = (
					"$(inherited)",
					"$(PROJECT_DIR)/MYEducation",
				);
				PRODUCT_NAME = "$(TARGET_NAME)";
			};
			name = Release;
		};
		9B9103601B5628F300AA4FE4 /* Debug */ = {
			isa = XCBuildConfiguration;
			buildSettings = {
				BUNDLE_LOADER = "$(TEST_HOST)";
				FRAMEWORK_SEARCH_PATHS = (
					"$(SDKROOT)/Developer/Library/Frameworks",
					"$(inherited)",
				);
				GCC_PREPROCESSOR_DEFINITIONS = (
					"DEBUG=1",
					"$(inherited)",
				);
				INFOPLIST_FILE = MYEducationTests/Info.plist;
				LD_RUNPATH_SEARCH_PATHS = "$(inherited) @executable_path/Frameworks @loader_path/Frameworks";
				PRODUCT_NAME = "$(TARGET_NAME)";
				TEST_HOST = "$(BUILT_PRODUCTS_DIR)/MYEducation.app/MYEducation";
			};
			name = Debug;
		};
		9B9103611B5628F300AA4FE4 /* Release */ = {
			isa = XCBuildConfiguration;
			buildSettings = {
				BUNDLE_LOADER = "$(TEST_HOST)";
				FRAMEWORK_SEARCH_PATHS = (
					"$(SDKROOT)/Developer/Library/Frameworks",
					"$(inherited)",
				);
				INFOPLIST_FILE = MYEducationTests/Info.plist;
				LD_RUNPATH_SEARCH_PATHS = "$(inherited) @executable_path/Frameworks @loader_path/Frameworks";
				PRODUCT_NAME = "$(TARGET_NAME)";
				TEST_HOST = "$(BUILT_PRODUCTS_DIR)/MYEducation.app/MYEducation";
			};
			name = Release;
		};
/* End XCBuildConfiguration section */

/* Begin XCConfigurationList section */
		9B9103341B5628F300AA4FE4 /* Build configuration list for PBXProject "MYEducation" */ = {
			isa = XCConfigurationList;
			buildConfigurations = (
				9B91035A1B5628F300AA4FE4 /* Debug */,
				9B91035B1B5628F300AA4FE4 /* Release */,
			);
			defaultConfigurationIsVisible = 0;
			defaultConfigurationName = Release;
		};
		9B91035C1B5628F300AA4FE4 /* Build configuration list for PBXNativeTarget "MYEducation" */ = {
			isa = XCConfigurationList;
			buildConfigurations = (
				9B91035D1B5628F300AA4FE4 /* Debug */,
				9B91035E1B5628F300AA4FE4 /* Release */,
			);
			defaultConfigurationIsVisible = 0;
			defaultConfigurationName = Release;
		};
		9B91035F1B5628F300AA4FE4 /* Build configuration list for PBXNativeTarget "MYEducationTests" */ = {
			isa = XCConfigurationList;
			buildConfigurations = (
				9B9103601B5628F300AA4FE4 /* Debug */,
				9B9103611B5628F300AA4FE4 /* Release */,
			);
			defaultConfigurationIsVisible = 0;
			defaultConfigurationName = Release;
		};
/* End XCConfigurationList section */
	};
	rootObject = 9B9103311B5628F300AA4FE4 /* Project object */;
}
